
Microsoft Visual Studio Solution File, Format Version 12.00
# Visual Studio 15
VisualStudioVersion = 15.0.27130.2036
MinimumVisualStudioVersion = 10.0.40219.1
Project("{2150E333-8FDC-42A3-9474-1A3956D46DE8}") = "Solution Items", "Solution Items", "{C90C01CC-5DAC-4026-87DA-0C2A79949214}"
	ProjectSection(SolutionItems) = preProject
		..\..\Users\Russell\Desktop\Calendar Check Mark 500x500.png = ..\..\Users\Russell\Desktop\Calendar Check Mark 500x500.png
		..\..\Users\Russell\Desktop\Clock 500x500.png = ..\..\Users\Russell\Desktop\Clock 500x500.png
		License.txt = License.txt
		Overview.txt = Overview.txt
	EndProjectSection
EndProject
Project("{9A19103F-16F7-4668-BE54-9A1E7A4F7556}") = "ThisDate", "ThisDate\ThisDate.csproj", "{6B8EEBBB-D7C2-497D-BBD6-D7C2BFBD2E3B}"
EndProject
Project("{9A19103F-16F7-4668-BE54-9A1E7A4F7556}") = "ThisDate.DefinedCalendars", "ThisDate.DefinedCalendars\ThisDate.DefinedCalendars.csproj", "{EEBA540E-C0ED-4E04-A56B-FA4B9A740394}"
EndProject
Project("{9A19103F-16F7-4668-BE54-9A1E7A4F7556}") = "ThisDate.Tests", "ThisDateTests\ThisDate.Tests.csproj", "{118E41C0-18FF-46D3-9FB8-936C85BB734E}"
EndProject
Project("{9A19103F-16F7-4668-BE54-9A1E7A4F7556}") = "DemoConsoleApp", "ConsoleApp1\DemoConsoleApp.csproj", "{DF35EC46-7112-4B79-9F62-DC1D7BF9E445}"
EndProject
Project("{9A19103F-16F7-4668-BE54-9A1E7A4F7556}") = "ThisDate.DateTimeDataLayer", "ThisDate.DataLayer\ThisDate.DateTimeDataLayer.csproj", "{DEF2C0D2-B915-4615-916A-90D31E8EF3C0}"
EndProject
Project("{9A19103F-16F7-4668-BE54-9A1E7A4F7556}") = "Documentation", "Documentation\Documentation.csproj", "{7581ACE0-BEC2-4486-9797-E24D5DBBD8CA}"
EndProject
Global
	GlobalSection(SolutionConfigurationPlatforms) = preSolution
		Debug|Any CPU = Debug|Any CPU
		Release|Any CPU = Release|Any CPU
	EndGlobalSection
	GlobalSection(ProjectConfigurationPlatforms) = postSolution
		{6B8EEBBB-D7C2-497D-BBD6-D7C2BFBD2E3B}.Debug|Any CPU.ActiveCfg = Debug|Any CPU
		{6B8EEBBB-D7C2-497D-BBD6-D7C2BFBD2E3B}.Debug|Any CPU.Build.0 = Debug|Any CPU
		{6B8EEBBB-D7C2-497D-BBD6-D7C2BFBD2E3B}.Release|Any CPU.ActiveCfg = Release|Any CPU
		{6B8EEBBB-D7C2-497D-BBD6-D7C2BFBD2E3B}.Release|Any CPU.Build.0 = Release|Any CPU
		{EEBA540E-C0ED-4E04-A56B-FA4B9A740394}.Debug|Any CPU.ActiveCfg = Debug|Any CPU
		{EEBA540E-C0ED-4E04-A56B-FA4B9A740394}.Debug|Any CPU.Build.0 = Debug|Any CPU
		{EEBA540E-C0ED-4E04-A56B-FA4B9A740394}.Release|Any CPU.ActiveCfg = Release|Any CPU
		{EEBA540E-C0ED-4E04-A56B-FA4B9A740394}.Release|Any CPU.Build.0 = Release|Any CPU
		{118E41C0-18FF-46D3-9FB8-936C85BB734E}.Debug|Any CPU.ActiveCfg = Debug|Any CPU
		{118E41C0-18FF-46D3-9FB8-936C85BB734E}.Debug|Any CPU.Build.0 = Debug|Any CPU
		{118E41C0-18FF-46D3-9FB8-936C85BB734E}.Release|Any CPU.ActiveCfg = Release|Any CPU
		{118E41C0-18FF-46D3-9FB8-936C85BB734E}.Release|Any CPU.Build.0 = Release|Any CPU
		{DF35EC46-7112-4B79-9F62-DC1D7BF9E445}.Debug|Any CPU.ActiveCfg = Debug|Any CPU
		{DF35EC46-7112-4B79-9F62-DC1D7BF9E445}.Debug|Any CPU.Build.0 = Debug|Any CPU
		{DF35EC46-7112-4B79-9F62-DC1D7BF9E445}.Release|Any CPU.ActiveCfg = Release|Any CPU
		{DF35EC46-7112-4B79-9F62-DC1D7BF9E445}.Release|Any CPU.Build.0 = Release|Any CPU
		{DEF2C0D2-B915-4615-916A-90D31E8EF3C0}.Debug|Any CPU.ActiveCfg = Debug|Any CPU
		{DEF2C0D2-B915-4615-916A-90D31E8EF3C0}.Debug|Any CPU.Build.0 = Debug|Any CPU
		{DEF2C0D2-B915-4615-916A-90D31E8EF3C0}.Release|Any CPU.ActiveCfg = Release|Any CPU
		{DEF2C0D2-B915-4615-916A-90D31E8EF3C0}.Release|Any CPU.Build.0 = Release|Any CPU
		{7581ACE0-BEC2-4486-9797-E24D5DBBD8CA}.Debug|Any CPU.ActiveCfg = Debug|Any CPU
		{7581ACE0-BEC2-4486-9797-E24D5DBBD8CA}.Debug|Any CPU.Build.0 = Debug|Any CPU
		{7581ACE0-BEC2-4486-9797-E24D5DBBD8CA}.Release|Any CPU.ActiveCfg = Release|Any CPU
		{7581ACE0-BEC2-4486-9797-E24D5DBBD8CA}.Release|Any CPU.Build.0 = Release|Any CPU
	EndGlobalSection
	GlobalSection(SolutionProperties) = preSolution
		HideSolutionNode = FALSE
	EndGlobalSection
	GlobalSection(ExtensibilityGlobals) = postSolution
		SolutionGuid = {CE9491F6-40E6-4843-9B32-896A23A95123}
	EndGlobalSection
EndGlobal
